
Microsoft Visual Studio Solution File, Format Version 12.00
# Visual Studio 15
VisualStudioVersion = 15.0.26124.0
MinimumVisualStudioVersion = 15.0.26124.0
Project("{FAE04EC0-301F-11D3-BF4B-00C04F79EFBC}") = "FlashCards", "FlashCards\FlashCards.csproj", "{E2F568C7-1021-44E5-AD7C-93EE4C7D863B}"
EndProject
Project("{FAE04EC0-301F-11D3-BF4B-00C04F79EFBC}") = "GeocachingGPXProcessor", "GeocachingGPXProcessor\GeocachingGPXProcessor.csproj", "{65EA2422-36CA-4B9C-AB3F-73A6C64B403E}"
EndProject
Project("{9A19103F-16F7-4668-BE54-9A1E7A4F7556}") = "JSearch", "JSearch\JSearch.csproj", "{1427EEAA-A82A-446D-83B9-131048CA6A5B}"
EndProject
Global
	GlobalSection(SolutionConfigurationPlatforms) = preSolution
		Debug|Any CPU = Debug|Any CPU
		Debug|x64 = Debug|x64
		Debug|x86 = Debug|x86
		Release|Any CPU = Release|Any CPU
		Release|x64 = Release|x64
		Release|x86 = Release|x86
	EndGlobalSection
	GlobalSection(ProjectConfigurationPlatforms) = postSolution
		{E2F568C7-1021-44E5-AD7C-93EE4C7D863B}.Debug|Any CPU.ActiveCfg = Debug|Any CPU
		{E2F568C7-1021-44E5-AD7C-93EE4C7D863B}.Debug|Any CPU.Build.0 = Debug|Any CPU
		{E2F568C7-1021-44E5-AD7C-93EE4C7D863B}.Debug|x64.ActiveCfg = Debug|Any CPU
		{E2F568C7-1021-44E5-AD7C-93EE4C7D863B}.Debug|x64.Build.0 = Debug|Any CPU
		{E2F568C7-1021-44E5-AD7C-93EE4C7D863B}.Debug|x86.ActiveCfg = Debug|Any CPU
		{E2F568C7-1021-44E5-AD7C-93EE4C7D863B}.Debug|x86.Build.0 = Debug|Any CPU
		{E2F568C7-1021-44E5-AD7C-93EE4C7D863B}.Release|Any CPU.ActiveCfg = Release|Any CPU
		{E2F568C7-1021-44E5-AD7C-93EE4C7D863B}.Release|Any CPU.Build.0 = Release|Any CPU
		{E2F568C7-1021-44E5-AD7C-93EE4C7D863B}.Release|x64.ActiveCfg = Release|Any CPU
		{E2F568C7-1021-44E5-AD7C-93EE4C7D863B}.Release|x64.Build.0 = Release|Any CPU
		{E2F568C7-1021-44E5-AD7C-93EE4C7D863B}.Release|x86.ActiveCfg = Release|Any CPU
		{E2F568C7-1021-44E5-AD7C-93EE4C7D863B}.Release|x86.Build.0 = Release|Any CPU
		{65EA2422-36CA-4B9C-AB3F-73A6C64B403E}.Debug|Any CPU.ActiveCfg = Debug|Any CPU
		{65EA2422-36CA-4B9C-AB3F-73A6C64B403E}.Debug|Any CPU.Build.0 = Debug|Any CPU
		{65EA2422-36CA-4B9C-AB3F-73A6C64B403E}.Debug|x64.ActiveCfg = Debug|Any CPU
		{65EA2422-36CA-4B9C-AB3F-73A6C64B403E}.Debug|x64.Build.0 = Debug|Any CPU
		{65EA2422-36CA-4B9C-AB3F-73A6C64B403E}.Debug|x86.ActiveCfg = Debug|Any CPU
		{65EA2422-36CA-4B9C-AB3F-73A6C64B403E}.Debug|x86.Build.0 = Debug|Any CPU
		{65EA2422-36CA-4B9C-AB3F-73A6C64B403E}.Release|Any CPU.ActiveCfg = Release|Any CPU
		{65EA2422-36CA-4B9C-AB3F-73A6C64B403E}.Release|Any CPU.Build.0 = Release|Any CPU
		{65EA2422-36CA-4B9C-AB3F-73A6C64B403E}.Release|x64.ActiveCfg = Release|Any CPU
		{65EA2422-36CA-4B9C-AB3F-73A6C64B403E}.Release|x64.Build.0 = Release|Any CPU
		{65EA2422-36CA-4B9C-AB3F-73A6C64B403E}.Release|x86.ActiveCfg = Release|Any CPU
		{65EA2422-36CA-4B9C-AB3F-73A6C64B403E}.Release|x86.Build.0 = Release|Any CPU
		{1427EEAA-A82A-446D-83B9-131048CA6A5B}.Debug|Any CPU.ActiveCfg = Debug|Any CPU
		{1427EEAA-A82A-446D-83B9-131048CA6A5B}.Debug|Any CPU.Build.0 = Debug|Any CPU
		{1427EEAA-A82A-446D-83B9-131048CA6A5B}.Debug|x64.ActiveCfg = Debug|Any CPU
		{1427EEAA-A82A-446D-83B9-131048CA6A5B}.Debug|x64.Build.0 = Debug|Any CPU
		{1427EEAA-A82A-446D-83B9-131048CA6A5B}.Debug|x86.ActiveCfg = Debug|Any CPU
		{1427EEAA-A82A-446D-83B9-131048CA6A5B}.Debug|x86.Build.0 = Debug|Any CPU
		{1427EEAA-A82A-446D-83B9-131048CA6A5B}.Release|Any CPU.ActiveCfg = Release|Any CPU
		{1427EEAA-A82A-446D-83B9-131048CA6A5B}.Release|Any CPU.Build.0 = Release|Any CPU
		{1427EEAA-A82A-446D-83B9-131048CA6A5B}.Release|x64.ActiveCfg = Release|Any CPU
		{1427EEAA-A82A-446D-83B9-131048CA6A5B}.Release|x64.Build.0 = Release|Any CPU
		{1427EEAA-A82A-446D-83B9-131048CA6A5B}.Release|x86.ActiveCfg = Release|Any CPU
		{1427EEAA-A82A-446D-83B9-131048CA6A5B}.Release|x86.Build.0 = Release|Any CPU
	EndGlobalSection
	GlobalSection(SolutionProperties) = preSolution
		HideSolutionNode = FALSE
	EndGlobalSection
	GlobalSection(ExtensibilityGlobals) = postSolution
		SolutionGuid = {39853A71-55EC-4E4C-B7A0-16C0D5A6E274}
	EndGlobalSection
EndGlobal
